
Microsoft Visual Studio Solution File, Format Version 12.00
# Visual Studio Version 17
VisualStudioVersion = 17.5.33516.290
MinimumVisualStudioVersion = 10.0.40219.1
Project("{FAE04EC0-301F-11D3-BF4B-00C04F79EFBC}") = "Exercise 02", "Exercise 02.csproj", "{C4804AB5-F490-4049-9D0D-9217563AD68D}"
EndProject
Global
	GlobalSection(SolutionConfigurationPlatforms) = preSolution
		Debug|Any CPU = Debug|Any CPU
		Release|Any CPU = Release|Any CPU
	EndGlobalSection
	GlobalSection(ProjectConfigurationPlatforms) = postSolution
		{C4804AB5-F490-4049-9D0D-9217563AD68D}.Debug|Any CPU.ActiveCfg = Debug|Any CPU
		{C4804AB5-F490-4049-9D0D-9217563AD68D}.Debug|Any CPU.Build.0 = Debug|Any CPU
		{C4804AB5-F490-4049-9D0D-9217563AD68D}.Release|Any CPU.ActiveCfg = Release|Any CPU
		{C4804AB5-F490-4049-9D0D-9217563AD68D}.Release|Any CPU.Build.0 = Release|Any CPU
	EndGlobalSection
	GlobalSection(SolutionProperties) = preSolution
		HideSolutionNode = FALSE
	EndGlobalSection
	GlobalSection(ExtensibilityGlobals) = postSolution
		SolutionGuid = {78EC46ED-8844-4FB3-9A2C-3AE38CD76DD2}
	EndGlobalSection
EndGlobal
